<?xml version="1.0" encoding="utf-8"?>
<Project ToolsVersion="4.0" xmlns="http://schemas.microsoft.com/developer/msbuild/2003">
  <ItemGroup>
    <Filter Include="Source Files">
      <UniqueIdentifier>{4FC737F1-C7A5-4376-A066-2A32D752A2FF}</UniqueIdentifier>
      <Extensions>cpp;c;cc;cxx;c++;cppm;ixx;def;odl;idl;hpj;bat;asm;asmx</Extensions>
    </Filter>
    <Filter Include="Header Files">
      <UniqueIdentifier>{93995380-89BD-4b04-88EB-625FBE52EBFB}</UniqueIdentifier>
      <Extensions>h;hh;hpp;hxx;h++;hm;inl;inc;ipp;xsd</Extensions>
    </Filter>
    <Filter Include="Resource Files">
      <UniqueIdentifier>{67DA6AB6-F800-4c08-8B7A-83BB121AAD01}</UniqueIdentifier>
      <Extensions>rc;ico;cur;bmp;dlg;rc2;rct;bin;rgs;gif;jpg;jpeg;jpe;resx;tiff;tif;png;wav;mfcribbon-ms</Extensions>
    </Filter>
  </ItemGroup>
  <ItemGroup>
    <ClCompile Include="App.cpp">
      <Filter>Source Files</Filter>
    </ClCompile>
    <ClCompile Include="Text Formatting\AppTF.cpp">
      <Filter>Source Files</Filter>
    </ClCompile>
    <ClCompile Include="Other\Universal\Universal.cpp">
      <Filter>Source Files</Filter>
    </ClCompile>
    <ClCompile Include="Data\AppD.cpp">
      <Filter>Source Files</Filter>
    </ClCompile>
    <ClCompile Include="Other\RandomO.cpp">
      <Filter>Source Files</Filter>
    </ClCompile>
    <ClCompile Include="Choices\AppC.cpp">
      <Filter>Source Files</Filter>
    </ClCompile>
    <ClCompile Include="Data\Banks\BanksD.cpp">
      <Filter>Source Files</Filter>
    </ClCompile>
    <ClCompile Include="Choices\Banks\BanksC.cpp">
      <Filter>Source Files</Filter>
    </ClCompile>
    <ClCompile Include="Data\Banks\Online\BanksD_O.cpp">
      <Filter>Source Files</Filter>
    </ClCompile>
    <ClCompile Include="Choices\Banks\Online\BanksC_O.cpp">
      <Filter>Source Files</Filter>
    </ClCompile>
    <ClCompile Include="Data\Banks\Online\Mashup Inc\miBankD_O.cpp">
      <Filter>Source Files</Filter>
    </ClCompile>
    <ClCompile Include="Choices\Banks\Online\Mashup Inc\miBankC_O.cpp">
      <Filter>Source Files</Filter>
    </ClCompile>
    <ClCompile Include="Data\Banks\Online\Mashup Inc\Accounts\miCheckingsD.cpp">
      <Filter>Source Files</Filter>
    </ClCompile>
    <ClCompile Include="Economy\Banks\Online\Mashup Inc\Accounts\miCheckingsE.cpp">
      <Filter>Source Files</Filter>
    </ClCompile>
    <ClCompile Include="Tables\Banks\Online\Mashup Inc\miBankT_O.cpp">
      <Filter>Source Files</Filter>
    </ClCompile>
    <ClCompile Include="Economy\Banks\Online\Mashup Inc\miBankE_O.cpp">
      <Filter>Source Files</Filter>
    </ClCompile>
    <ClCompile Include="Tables\Banks\Online\BanksT_O.cpp">
      <Filter>Source Files</Filter>
    </ClCompile>
    <ClCompile Include="Economy\Banks\Online\BanksE_O.cpp">
      <Filter>Source Files</Filter>
    </ClCompile>
    <ClCompile Include="Tables\Banks\BanksT.cpp">
      <Filter>Source Files</Filter>
    </ClCompile>
    <ClCompile Include="Economy\Banks\BanksE.cpp">
      <Filter>Source Files</Filter>
    </ClCompile>
    <ClCompile Include="Economy\OtherE.cpp">
      <Filter>Source Files</Filter>
    </ClCompile>
    <ClCompile Include="Other\ReuseO.cpp">
      <Filter>Source Files</Filter>
    </ClCompile>
    <ClCompile Include="Other\AppO.cpp">
      <Filter>Source Files</Filter>
    </ClCompile>
    <ClCompile Include="Tables\AppT.cpp">
      <Filter>Source Files</Filter>
    </ClCompile>
    <ClCompile Include="Text Formatting\Banks\Online\Mashup Inc\miCheckingsTF.cpp">
      <Filter>Source Files</Filter>
    </ClCompile>
    <ClCompile Include="Economy\Banks\Online\Mashup Inc\Accounts\miSavingsE.cpp">
      <Filter>Source Files</Filter>
    </ClCompile>
    <ClCompile Include="Data\Banks\Online\Mashup Inc\Accounts\miSavingsD.cpp">
      <Filter>Source Files</Filter>
    </ClCompile>
    <ClCompile Include="Text Formatting\Banks\Online\Mashup Inc\miSavingsTF.cpp">
      <Filter>Source Files</Filter>
    </ClCompile>
    <ClCompile Include="Other\TemporaryO.cpp">
      <Filter>Source Files</Filter>
    </ClCompile>
    <ClCompile Include="Data\Banks\Online\Sally%27 Finances\sfBankD_O.cpp">
      <Filter>Source Files</Filter>
    </ClCompile>
    <ClCompile Include="Economy\Banks\Online\Sally%27s Finances\sfBankE_O.cpp">
      <Filter>Source Files</Filter>
    </ClCompile>
    <ClCompile Include="Tables\Banks\Online\Sally%27s Finances\sfBankT_O.cpp">
      <Filter>Source Files</Filter>
    </ClCompile>
    <ClCompile Include="Choices\Banks\Online\Sally%27s Finances\sfBankC_O.cpp">
      <Filter>Source Files</Filter>
    </ClCompile>
    <ClCompile Include="Economy\Banks\Online\Sally%27s Finances\Accounts\sfCheckingsE.cpp">
      <Filter>Source Files</Filter>
    </ClCompile>
    <ClCompile Include="Data\Banks\Online\Sally%27 Finances\Accounts\sfCheckingsD.cpp">
      <Filter>Source Files</Filter>
    </ClCompile>
    <ClCompile Include="Text Formatting\Banks\Online\Sally%27s Finances\sfCheckingsTF.cpp">
      <Filter>Source Files</Filter>
    </ClCompile>
    <ClCompile Include="Economy\Banks\Online\Sally%27s Finances\Accounts\sfSavingsE.cpp">
      <Filter>Source Files</Filter>
    </ClCompile>
    <ClCompile Include="Data\Banks\Online\Sally%27 Finances\Accounts\sfSavingsD.cpp">
      <Filter>Source Files</Filter>
    </ClCompile>
    <ClCompile Include="Text Formatting\Banks\Online\Sally%27s Finances\sfSavingsTF.cpp">
      <Filter>Source Files</Filter>
    </ClCompile>
    <ClCompile Include="Economy\Banks\In Person\BanksE_I.cpp">
      <Filter>Source Files</Filter>
    </ClCompile>
    <ClCompile Include="Data\Banks\In Person\BanksD_I.cpp">
      <Filter>Source Files</Filter>
    </ClCompile>
    <ClCompile Include="Choices\Banks\In Person\BanksC_I.cpp">
      <Filter>Source Files</Filter>
    </ClCompile>
    <ClCompile Include="Data\Banks\In Person\Regions\usBanksD_I.cpp">
      <Filter>Source Files</Filter>
    </ClCompile>
    <ClCompile Include="Data\Banks\In Person\Regions\United States\moBanksD_I.cpp">
      <Filter>Source Files</Filter>
    </ClCompile>
    <ClCompile Include="Economy\Banks\In Person\Regions\United States\Missouri\slmoBanksE_I.cpp">
      <Filter>Source Files</Filter>
    </ClCompile>
    <ClCompile Include="Economy\Banks\In Person\Regions\United States\Missouri\kcmoBanksE_I.cpp">
      <Filter>Source Files</Filter>
    </ClCompile>
    <ClCompile Include="Data\Banks\In Person\Regions\United States\Missouri\kcmoBanksD_I.cpp">
      <Filter>Source Files</Filter>
    </ClCompile>
    <ClCompile Include="Tables\Banks\In Person\United States\Missouri\kcmoBanksT_I.cpp">
      <Filter>Source Files</Filter>
    </ClCompile>
    <ClCompile Include="Choices\Banks\In Person\United States\Missouri\kcmoBanksC_I.cpp">
      <Filter>Source Files</Filter>
    </ClCompile>
    <ClCompile Include="Economy\Banks\In Person\Regions\United States\Missouri\Kansas City\spbBankE_I.cpp">
      <Filter>Source Files</Filter>
    </ClCompile>
    <ClCompile Include="Data\Banks\In Person\Regions\United States\Missouri\Kansas City\spbBankD_I.cpp">
      <Filter>Source Files</Filter>
    </ClCompile>
    <ClCompile Include="Tables\Banks\In Person\United States\Missouri\Kansas City\spbBankT_I.cpp">
      <Filter>Source Files</Filter>
    </ClCompile>
    <ClCompile Include="Choices\Banks\In Person\United States\Missouri\Kansas City\spbBankC_I.cpp">
      <Filter>Source Files</Filter>
    </ClCompile>
    <ClCompile Include="Economy\Banks\In Person\Regions\United States\Missouri\Kansas City\Summit Prairie Bank\spbCheckingsE.cpp">
      <Filter>Source Files</Filter>
    </ClCompile>
    <ClCompile Include="Data\Banks\In Person\Regions\United States\Missouri\Kansas City\Summit Prairie Bank\spbCheckingsD.cpp">
      <Filter>Source Files</Filter>
    </ClCompile>
    <ClCompile Include="Text Formatting\Banks\In Person\United Statees\Missouri\Kansas City\Summit Prairie Bank%27\spbCheckingsTF.cpp">
      <Filter>Source Files</Filter>
    </ClCompile>
    <ClCompile Include="Economy\Banks\In Person\Regions\United States\Missouri\Kansas City\Summit Prairie Bank\spbSavingsE.cpp">
      <Filter>Source Files</Filter>
    </ClCompile>
    <ClCompile Include="Data\Banks\In Person\Regions\United States\Missouri\Kansas City\Summit Prairie Bank\spbSavingsD.cpp">
      <Filter>Source Files</Filter>
    </ClCompile>
    <ClCompile Include="Text Formatting\Banks\In Person\United Statees\Missouri\Kansas City\Summit Prairie Bank%27\spbSavingsTF.cpp">
      <Filter>Source Files</Filter>
    </ClCompile>
    <ClCompile Include="Economy\Banks\In Person\Regions\United States\Missouri\Kansas City\phBankE_I.cpp">
      <Filter>Source Files</Filter>
    </ClCompile>
    <ClCompile Include="Data\Banks\In Person\Regions\United States\Missouri\Kansas City\phBankD_I.cpp">
      <Filter>Source Files</Filter>
    </ClCompile>
    <ClCompile Include="Tables\Banks\In Person\United States\Missouri\Kansas City\phBankT_I.cpp">
      <Filter>Source Files</Filter>
    </ClCompile>
    <ClCompile Include="Choices\Banks\In Person\United States\Missouri\Kansas City\phBankC_I.cpp">
      <Filter>Source Files</Filter>
    </ClCompile>
    <ClCompile Include="Economy\Banks\In Person\Regions\United States\Missouri\Kansas City\Plaza Horizon\phCheckingsE.cpp">
      <Filter>Source Files</Filter>
    </ClCompile>
    <ClCompile Include="Data\Banks\In Person\Regions\United States\Missouri\Kansas City\Plaza Horizons\phCheckingsD.cpp">
      <Filter>Source Files</Filter>
    </ClCompile>
    <ClCompile Include="Text Formatting\Banks\In Person\United Statees\Missouri\Kansas City\Plaza Horizon\phCheckingsTF.cpp">
      <Filter>Source Files</Filter>
    </ClCompile>
    <ClCompile Include="Economy\Banks\In Person\Regions\United States\Missouri\Kansas City\Plaza Horizon\phSavingsE.cpp">
      <Filter>Source Files</Filter>
    </ClCompile>
    <ClCompile Include="Data\Banks\In Person\Regions\United States\Missouri\Kansas City\Plaza Horizons\phSavingD.cpp">
      <Filter>Source Files</Filter>
    </ClCompile>
    <ClCompile Include="Text Formatting\Banks\In Person\United Statees\Missouri\Kansas City\Plaza Horizon\phSavingsTF.cpp">
      <Filter>Source Files</Filter>
    </ClCompile>
    <ClCompile Include="Data\Banks\In Person\Regions\United States\Missouri\slmoBanksD_I.cpp">
      <Filter>Source Files</Filter>
    </ClCompile>
    <ClCompile Include="Tables\Banks\In Person\United States\Missouri\slmoBanksT_I.cpp">
      <Filter>Source Files</Filter>
    </ClCompile>
    <ClCompile Include="Choices\Banks\In Person\United States\Missouri\slmoBanksC_I.cpp">
      <Filter>Source Files</Filter>
    </ClCompile>
    <ClCompile Include="Economy\Banks\In Person\Regions\United States\Missouri\St. Louis\ghbBankE_I.cpp">
      <Filter>Source Files</Filter>
    </ClCompile>
    <ClCompile Include="Data\Banks\In Person\Regions\United States\Missouri\St. Louis\ghbBankD_I.cpp">
      <Filter>Source Files</Filter>
    </ClCompile>
    <ClCompile Include="Tables\Banks\In Person\United States\Missouri\St. Louis\ghbBankT_I.cpp">
      <Filter>Source Files</Filter>
    </ClCompile>
    <ClCompile Include="Choices\Banks\In Person\United States\Missouri\St. Louis\ghbBankC_I.cpp">
      <Filter>Source Files</Filter>
    </ClCompile>
    <ClCompile Include="Economy\Banks\In Person\Regions\United States\Missouri\St. Louis\Gateway Heights Bank\ghbCheckingsE.cpp">
      <Filter>Source Files</Filter>
    </ClCompile>
    <ClCompile Include="Data\Banks\In Person\Regions\United States\Missouri\St. Louis\Gateway heights bank\ghbCheckingsD.cpp">
      <Filter>Source Files</Filter>
    </ClCompile>
    <ClCompile Include="Text Formatting\Banks\In Person\United Statees\Missouri\St. Louis\Gateway Heights Bank\ghbCheckingsTF.cpp">
      <Filter>Source Files</Filter>
    </ClCompile>
    <ClCompile Include="Economy\Banks\In Person\Regions\United States\Missouri\St. Louis\Gateway Heights Bank\ghbSavingsE.cpp">
      <Filter>Source Files</Filter>
    </ClCompile>
    <ClCompile Include="Data\Banks\In Person\Regions\United States\Missouri\St. Louis\Gateway heights bank\ghbSavingsD.cpp">
      <Filter>Source Files</Filter>
    </ClCompile>
    <ClCompile Include="Text Formatting\Banks\In Person\United Statees\Missouri\St. Louis\Gateway Heights Bank\ghbSavingsTF.cpp">
      <Filter>Source Files</Filter>
    </ClCompile>
    <ClCompile Include="Economy\Banks\In Person\Regions\United States\Missouri\St. Louis\afgBankE_I.cpp">
      <Filter>Source Files</Filter>
    </ClCompile>
    <ClCompile Include="Data\Banks\In Person\Regions\United States\Missouri\St. Louis\afgBankD_I.cpp">
      <Filter>Source Files</Filter>
    </ClCompile>
    <ClCompile Include="Tables\Banks\In Person\United States\Missouri\St. Louis\afgBankT_I.cpp">
      <Filter>Source Files</Filter>
    </ClCompile>
    <ClCompile Include="Choices\Banks\In Person\United States\Missouri\St. Louis\afgBankC_I.cpp">
      <Filter>Source Files</Filter>
    </ClCompile>
    <ClCompile Include="Economy\Banks\In Person\Regions\United States\Missouri\St. Louis\ArchCity Financial Group\afgCheckingsE.cpp">
      <Filter>Source Files</Filter>
    </ClCompile>
    <ClCompile Include="Data\Banks\In Person\Regions\United States\Missouri\St. Louis\ArchCity Financial Group\afgCheckingsD.cpp">
      <Filter>Source Files</Filter>
    </ClCompile>
    <ClCompile Include="Text Formatting\Banks\In Person\United Statees\Missouri\St. Louis\afgCheckingsTF.cpp">
      <Filter>Source Files</Filter>
    </ClCompile>
    <ClCompile Include="Economy\Banks\In Person\Regions\United States\Missouri\St. Louis\ArchCity Financial Group\afgSavingsE.cpp">
      <Filter>Source Files</Filter>
    </ClCompile>
    <ClCompile Include="Data\Banks\In Person\Regions\United States\Missouri\St. Louis\ArchCity Financial Group\afgSavingsD.cpp">
      <Filter>Source Files</Filter>
    </ClCompile>
    <ClCompile Include="Text Formatting\Banks\In Person\United Statees\Missouri\St. Louis\afgSavingsTF.cpp">
      <Filter>Source Files</Filter>
    </ClCompile>
    <ClCompile Include="Economy\Jobs\JobsE.cpp">
      <Filter>Source Files</Filter>
    </ClCompile>
    <ClCompile Include="Data\Jobs\JobsD.cpp">
      <Filter>Source Files</Filter>
    </ClCompile>
    <ClCompile Include="Tables\Jobs\JobsT.cpp">
      <Filter>Source Files</Filter>
    </ClCompile>
    <ClCompile Include="Choices\Jobs\JobsC.cpp">
      <Filter>Source Files</Filter>
    </ClCompile>
    <ClCompile Include="Economy\Jobs\Online\JobsE_O.cpp">
      <Filter>Source Files</Filter>
    </ClCompile>
    <ClCompile Include="Data\Jobs\Online\JobsD_O.cpp">
      <Filter>Source Files</Filter>
    </ClCompile>
    <ClCompile Include="Tables\Jobs\Online\JobsT_O.cpp">
      <Filter>Source Files</Filter>
    </ClCompile>
    <ClCompile Include="Choices\Jobs\Online\JobsC_O.cpp">
      <Filter>Source Files</Filter>
    </ClCompile>
    <ClCompile Include="Economy\Jobs\Online\Mashup Inc\Positions\miJobsE_O.cpp">
      <Filter>Source Files</Filter>
    </ClCompile>
    <ClCompile Include="Data\Jobs\Online\Mashup Inc\miJobsD_O.cpp">
      <Filter>Source Files</Filter>
    </ClCompile>
    <ClCompile Include="Tables\Jobs\Online\Mashup inc\miJobsT_O.cpp">
      <Filter>Source Files</Filter>
    </ClCompile>
    <ClCompile Include="Choices\Jobs\Online\Mashup inc\miJobsC_O.cpp">
      <Filter>Source Files</Filter>
    </ClCompile>
    <ClCompile Include="Economy\Jobs\Online\Mashup Inc\miPositionsE.cpp">
      <Filter>Source Files</Filter>
    </ClCompile>
    <ClCompile Include="Data\Jobs\Online\Mashup Inc\Positions\miPositionsD.cpp">
      <Filter>Source Files</Filter>
    </ClCompile>
    <ClCompile Include="Data\Shops\ShopsD.cpp">
      <Filter>Source Files</Filter>
    </ClCompile>
    <ClCompile Include="Choices\Shops\ShopsC.cpp">
      <Filter>Source Files</Filter>
    </ClCompile>
    <ClCompile Include="Data\Shops\Online\ShopsD_O.cpp">
      <Filter>Source Files</Filter>
    </ClCompile>
    <ClCompile Include="Choices\Shops\Online\ShopsC_O.cpp">
      <Filter>Source Files</Filter>
    </ClCompile>
    <ClCompile Include="Tables\Shops\Online\ShopsT_O.cpp">
      <Filter>Source Files</Filter>
    </ClCompile>
    <ClCompile Include="Economy\Shops\In Person\ShopsE_I.cpp">
      <Filter>Source Files</Filter>
    </ClCompile>
    <ClCompile Include="Economy\Shops\Online\ShopsE_O.cpp">
      <Filter>Source Files</Filter>
    </ClCompile>
    <ClCompile Include="Tables\Shops\ShopsT.cpp">
      <Filter>Source Files</Filter>
    </ClCompile>
    <ClCompile Include="Economy\Shops\ShopsE.cpp">
      <Filter>Source Files</Filter>
    </ClCompile>
    <ClCompile Include="Economy\Shops\Online\Mashup Inc\miShopE_O.cpp">
      <Filter>Source Files</Filter>
    </ClCompile>
    <ClCompile Include="Data\Shops\In Person\ShopsD_I.cpp">
      <Filter>Source Files</Filter>
    </ClCompile>
    <ClCompile Include="Data\Shops\In Person\Regions\usShopsD_I.cpp">
      <Filter>Source Files</Filter>
    </ClCompile>
    <ClCompile Include="Data\Shops\In Person\Regions\United States\moShopsD_I.cpp">
      <Filter>Source Files</Filter>
    </ClCompile>
    <ClCompile Include="Economy\Shops\In Person\Regions\United States\Missouri\kcmoShopsE_I.cpp">
      <Filter>Source Files</Filter>
    </ClCompile>
    <ClCompile Include="Data\Shops\In Person\Regions\United States\Missouri\kcmoShopsD_I.cpp">
      <Filter>Source Files</Filter>
    </ClCompile>
    <ClCompile Include="Tables\Shops\In Person\Regions\United States\Missouri\Kansas City\kcmoShopsT_I.cpp">
      <Filter>Source Files</Filter>
    </ClCompile>
    <ClCompile Include="Choices\Shops\In Person\Regions\United States\Missouri\Kansas City\kcmoShopsC_I.cpp">
      <Filter>Source Files</Filter>
    </ClCompile>
    <ClCompile Include="Economy\Shops\In Person\Regions\United States\Missouri\Kansas City\phairportShopE.cpp">
      <Filter>Source Files</Filter>
    </ClCompile>
    <ClCompile Include="Dependencies\Includes\affShopE.cpp">
      <Filter>Source Files</Filter>
    </ClCompile>
  </ItemGroup>
  <ItemGroup>
    <ClInclude Include="Dependencies\Includes\AppTF.h">
      <Filter>Header Files</Filter>
    </ClInclude>
    <ClInclude Include="Dependencies\Includes\Universal\Universal.h">
      <Filter>Header Files</Filter>
    </ClInclude>
    <ClInclude Include="Dependencies\Includes\AppD.h">
      <Filter>Header Files</Filter>
    </ClInclude>
    <ClInclude Include="Dependencies\Includes\External\nlohmann\json.hpp">
      <Filter>Header Files</Filter>
    </ClInclude>
    <ClInclude Include="Dependencies\Includes\RandomO.h">
      <Filter>Header Files</Filter>
    </ClInclude>
    <ClInclude Include="Dependencies\Includes\AppC.h">
      <Filter>Header Files</Filter>
    </ClInclude>
    <ClInclude Include="Dependencies\Includes\AppO.h">
      <Filter>Header Files</Filter>
    </ClInclude>
    <ClInclude Include="Dependencies\Includes\AppT.h">
      <Filter>Header Files</Filter>
    </ClInclude>
    <ClInclude Include="Dependencies\Includes\BanksC.h">
      <Filter>Header Files</Filter>
    </ClInclude>
    <ClInclude Include="Dependencies\Includes\BanksC_O.h">
      <Filter>Header Files</Filter>
    </ClInclude>
    <ClInclude Include="Dependencies\Includes\BanksD.h">
      <Filter>Header Files</Filter>
    </ClInclude>
    <ClInclude Include="Dependencies\Includes\BanksD_O.h">
      <Filter>Header Files</Filter>
    </ClInclude>
    <ClInclude Include="Dependencies\Includes\BanksE.h">
      <Filter>Header Files</Filter>
    </ClInclude>
    <ClInclude Include="Dependencies\Includes\BanksE_O.h">
      <Filter>Header Files</Filter>
    </ClInclude>
    <ClInclude Include="Dependencies\Includes\BanksT.h">
      <Filter>Header Files</Filter>
    </ClInclude>
    <ClInclude Include="Dependencies\Includes\BanksT_O.h">
      <Filter>Header Files</Filter>
    </ClInclude>
    <ClInclude Include="Dependencies\Includes\miBankC_O.h">
      <Filter>Header Files</Filter>
    </ClInclude>
    <ClInclude Include="Dependencies\Includes\miBankD_O.h">
      <Filter>Header Files</Filter>
    </ClInclude>
    <ClInclude Include="Dependencies\Includes\miBankE_O.h">
      <Filter>Header Files</Filter>
    </ClInclude>
    <ClInclude Include="Dependencies\Includes\miBankT_O.h">
      <Filter>Header Files</Filter>
    </ClInclude>
    <ClInclude Include="Dependencies\Includes\miCheckingsD.h">
      <Filter>Header Files</Filter>
    </ClInclude>
    <ClInclude Include="Dependencies\Includes\miCheckingsE.h">
      <Filter>Header Files</Filter>
    </ClInclude>
    <ClInclude Include="Dependencies\Includes\OtherE.h">
      <Filter>Header Files</Filter>
    </ClInclude>
    <ClInclude Include="Dependencies\Includes\ReuseO.h">
      <Filter>Header Files</Filter>
    </ClInclude>
    <ClInclude Include="Dependencies\Includes\miCheckingsTF.h">
      <Filter>Header Files</Filter>
    </ClInclude>
    <ClInclude Include="Dependencies\Includes\TemporaryO.h">
      <Filter>Header Files</Filter>
    </ClInclude>
    <ClInclude Include="Dependencies\Includes\miSavingsE.h">
      <Filter>Header Files</Filter>
    </ClInclude>
    <ClInclude Include="Dependencies\Includes\miSavingsD.h">
      <Filter>Header Files</Filter>
    </ClInclude>
    <ClInclude Include="Dependencies\Includes\miSavingsTF.h">
      <Filter>Header Files</Filter>
    </ClInclude>
    <ClInclude Include="Dependencies\Includes\sfBankD_O.h">
      <Filter>Header Files</Filter>
    </ClInclude>
    <ClInclude Include="Dependencies\Includes\sfBankE_O.h">
      <Filter>Header Files</Filter>
    </ClInclude>
    <ClInclude Include="Dependencies\Includes\sfBankT_O.h">
      <Filter>Header Files</Filter>
    </ClInclude>
    <ClInclude Include="Dependencies\Includes\sfBankC_O.h">
      <Filter>Header Files</Filter>
    </ClInclude>
    <ClInclude Include="Dependencies\Includes\sfCheckingsE.h">
      <Filter>Header Files</Filter>
    </ClInclude>
    <ClInclude Include="Dependencies\Includes\sfCheckingsD.h">
      <Filter>Header Files</Filter>
    </ClInclude>
    <ClInclude Include="Dependencies\Includes\sfCheckingsTF.h">
      <Filter>Header Files</Filter>
    </ClInclude>
    <ClInclude Include="Dependencies\Includes\sfSavingsE.h">
      <Filter>Header Files</Filter>
    </ClInclude>
    <ClInclude Include="Dependencies\Includes\sfSavingsD.h">
      <Filter>Header Files</Filter>
    </ClInclude>
    <ClInclude Include="Dependencies\Includes\sfSavingsTF.h">
      <Filter>Header Files</Filter>
    </ClInclude>
    <ClInclude Include="Dependencies\Includes\BanksE_I.h">
      <Filter>Header Files</Filter>
    </ClInclude>
    <ClInclude Include="Dependencies\Includes\BanksD_I.h">
      <Filter>Header Files</Filter>
    </ClInclude>
    <ClInclude Include="Dependencies\Includes\BanksC_I.h">
      <Filter>Header Files</Filter>
    </ClInclude>
    <ClInclude Include="Dependencies\Includes\usBanksD_I.h">
      <Filter>Header Files</Filter>
    </ClInclude>
    <ClInclude Include="Dependencies\Includes\moBanksD_I.h">
      <Filter>Header Files</Filter>
    </ClInclude>
    <ClInclude Include="Dependencies\Includes\kcmoBanksE_I.h">
      <Filter>Header Files</Filter>
    </ClInclude>
    <ClInclude Include="Dependencies\Includes\slmoBanksE_I.h">
      <Filter>Header Files</Filter>
    </ClInclude>
    <ClInclude Include="Dependencies\Includes\kcmoBanksD_I.h">
      <Filter>Header Files</Filter>
    </ClInclude>
    <ClInclude Include="Dependencies\Includes\kcmoBanksT_I.h">
      <Filter>Header Files</Filter>
    </ClInclude>
    <ClInclude Include="Dependencies\Includes\kcmoBanksC_I.h">
      <Filter>Header Files</Filter>
    </ClInclude>
    <ClInclude Include="Dependencies\Includes\spbBankE_I.h">
      <Filter>Header Files</Filter>
    </ClInclude>
    <ClInclude Include="Dependencies\Includes\spbBankD_I.h">
      <Filter>Header Files</Filter>
    </ClInclude>
    <ClInclude Include="Dependencies\Includes\spbBankT_I.h">
      <Filter>Header Files</Filter>
    </ClInclude>
    <ClInclude Include="Dependencies\Includes\spbBankC_I.h">
      <Filter>Header Files</Filter>
    </ClInclude>
    <ClInclude Include="Dependencies\Includes\spbCheckingsE.h">
      <Filter>Header Files</Filter>
    </ClInclude>
    <ClInclude Include="Dependencies\Includes\spbCheckingsD.h">
      <Filter>Header Files</Filter>
    </ClInclude>
    <ClInclude Include="Dependencies\Includes\spbCheckingsTF.h">
      <Filter>Header Files</Filter>
    </ClInclude>
    <ClInclude Include="Dependencies\Includes\spbSavingsE.h">
      <Filter>Header Files</Filter>
    </ClInclude>
    <ClInclude Include="Dependencies\Includes\spbSavingsD.h">
      <Filter>Header Files</Filter>
    </ClInclude>
    <ClInclude Include="Dependencies\Includes\spbSavingsTF.h">
      <Filter>Header Files</Filter>
    </ClInclude>
    <ClInclude Include="Dependencies\Includes\phBankE_I.h">
      <Filter>Header Files</Filter>
    </ClInclude>
    <ClInclude Include="Dependencies\Includes\phBankD_I.h">
      <Filter>Header Files</Filter>
    </ClInclude>
    <ClInclude Include="Dependencies\Includes\phBankT_I.h">
      <Filter>Header Files</Filter>
    </ClInclude>
    <ClInclude Include="Dependencies\Includes\phBankC_I.h">
      <Filter>Header Files</Filter>
    </ClInclude>
    <ClInclude Include="Dependencies\Includes\phCheckingsE.h">
      <Filter>Header Files</Filter>
    </ClInclude>
    <ClInclude Include="Dependencies\Includes\phCheckingsD.h">
      <Filter>Header Files</Filter>
    </ClInclude>
    <ClInclude Include="Dependencies\Includes\phCheckingsTF.h">
      <Filter>Header Files</Filter>
    </ClInclude>
    <ClInclude Include="Dependencies\Includes\phSavingsE.h">
      <Filter>Header Files</Filter>
    </ClInclude>
    <ClInclude Include="Dependencies\Includes\phSavingsD.h">
      <Filter>Header Files</Filter>
    </ClInclude>
    <ClInclude Include="Dependencies\Includes\phSavingsTF.h">
      <Filter>Header Files</Filter>
    </ClInclude>
    <ClInclude Include="Dependencies\Includes\slmoBanksD_I.h">
      <Filter>Header Files</Filter>
    </ClInclude>
    <ClInclude Include="Dependencies\Includes\slmoBanksT_I.h">
      <Filter>Header Files</Filter>
    </ClInclude>
    <ClInclude Include="Dependencies\Includes\slmoBanksC_I.h">
      <Filter>Header Files</Filter>
    </ClInclude>
    <ClInclude Include="Dependencies\Includes\ghbBankE_I.h">
      <Filter>Header Files</Filter>
    </ClInclude>
    <ClInclude Include="Dependencies\Includes\ghbBankD_I.h">
      <Filter>Header Files</Filter>
    </ClInclude>
    <ClInclude Include="Dependencies\Includes\ghbBankT_I.h">
      <Filter>Header Files</Filter>
    </ClInclude>
    <ClInclude Include="Dependencies\Includes\ghbBankC_I.h">
      <Filter>Header Files</Filter>
    </ClInclude>
    <ClInclude Include="Dependencies\Includes\ghbCheckingsE.h">
      <Filter>Header Files</Filter>
    </ClInclude>
    <ClInclude Include="Dependencies\Includes\ghbCheckingsD.h">
      <Filter>Header Files</Filter>
    </ClInclude>
    <ClInclude Include="Dependencies\Includes\ghbCheckingsTF.h">
      <Filter>Header Files</Filter>
    </ClInclude>
    <ClInclude Include="Dependencies\Includes\ghbSavingsE.h">
      <Filter>Header Files</Filter>
    </ClInclude>
    <ClInclude Include="Dependencies\Includes\ghbSavingsD.h">
      <Filter>Header Files</Filter>
    </ClInclude>
    <ClInclude Include="Dependencies\Includes\ghbSavingsTF.h">
      <Filter>Header Files</Filter>
    </ClInclude>
    <ClInclude Include="Dependencies\Includes\afgBankE_I.h">
      <Filter>Header Files</Filter>
    </ClInclude>
    <ClInclude Include="Dependencies\Includes\afgBankD_I.h">
      <Filter>Header Files</Filter>
    </ClInclude>
    <ClInclude Include="Dependencies\Includes\afgBankT_I.h">
      <Filter>Header Files</Filter>
    </ClInclude>
    <ClInclude Include="Dependencies\Includes\afgBankC_I.h">
      <Filter>Header Files</Filter>
    </ClInclude>
    <ClInclude Include="Dependencies\Includes\afgCheckingsE.h">
      <Filter>Header Files</Filter>
    </ClInclude>
    <ClInclude Include="Dependencies\Includes\afgCheckingsD.h">
      <Filter>Header Files</Filter>
    </ClInclude>
    <ClInclude Include="Dependencies\Includes\afgCheckingsTF.h">
      <Filter>Header Files</Filter>
    </ClInclude>
    <ClInclude Include="Dependencies\Includes\afgSavingsE.h">
      <Filter>Header Files</Filter>
    </ClInclude>
    <ClInclude Include="Dependencies\Includes\afgSavingsD.h">
      <Filter>Header Files</Filter>
    </ClInclude>
    <ClInclude Include="Dependencies\Includes\afgSavingsTF.h">
      <Filter>Header Files</Filter>
    </ClInclude>
    <ClInclude Include="Dependencies\Includes\JobsE.h">
      <Filter>Header Files</Filter>
    </ClInclude>
    <ClInclude Include="Dependencies\Includes\JobsD.h">
      <Filter>Header Files</Filter>
    </ClInclude>
    <ClInclude Include="Dependencies\Includes\JobsT.h">
      <Filter>Header Files</Filter>
    </ClInclude>
    <ClInclude Include="Dependencies\Includes\JobsC.h">
      <Filter>Header Files</Filter>
    </ClInclude>
    <ClInclude Include="Dependencies\Includes\JobsE_O.h">
      <Filter>Header Files</Filter>
    </ClInclude>
    <ClInclude Include="Dependencies\Includes\JobsD_O.h">
      <Filter>Header Files</Filter>
    </ClInclude>
    <ClInclude Include="Dependencies\Includes\JobsT_O.h">
      <Filter>Header Files</Filter>
    </ClInclude>
    <ClInclude Include="Dependencies\Includes\JobsC_O.h">
      <Filter>Header Files</Filter>
    </ClInclude>
    <ClInclude Include="Dependencies\Includes\miJobsE_O.h">
      <Filter>Header Files</Filter>
    </ClInclude>
    <ClInclude Include="Dependencies\Includes\miJobsD_O.h">
      <Filter>Header Files</Filter>
    </ClInclude>
    <ClInclude Include="Dependencies\Includes\miJobsT_O.h">
      <Filter>Header Files</Filter>
    </ClInclude>
    <ClInclude Include="Dependencies\Includes\miJobsC_O.h">
      <Filter>Header Files</Filter>
    </ClInclude>
    <ClInclude Include="Dependencies\Includes\miPositionsE.h">
      <Filter>Header Files</Filter>
    </ClInclude>
    <ClInclude Include="Dependencies\Includes\miPositionsD.h">
      <Filter>Header Files</Filter>
    </ClInclude>
    <ClInclude Include="Dependencies\Includes\ShopsC.h">
      <Filter>Header Files</Filter>
    </ClInclude>
    <ClInclude Include="Dependencies\Includes\ShopsC_O.h">
      <Filter>Header Files</Filter>
    </ClInclude>
    <ClInclude Include="Dependencies\Includes\ShopsD.h">
      <Filter>Header Files</Filter>
    </ClInclude>
    <ClInclude Include="Dependencies\Includes\ShopsD_O.h">
      <Filter>Header Files</Filter>
    </ClInclude>
    <ClInclude Include="Dependencies\Includes\ShopsE.h">
      <Filter>Header Files</Filter>
    </ClInclude>
    <ClInclude Include="Dependencies\Includes\ShopsE_I.h">
      <Filter>Header Files</Filter>
    </ClInclude>
    <ClInclude Include="Dependencies\Includes\ShopsE_O.h">
      <Filter>Header Files</Filter>
    </ClInclude>
    <ClInclude Include="Dependencies\Includes\ShopsT.h">
      <Filter>Header Files</Filter>
    </ClInclude>
    <ClInclude Include="Dependencies\Includes\ShopsT_O.h">
      <Filter>Header Files</Filter>
    </ClInclude>
    <ClInclude Include="Dependencies\Includes\miShopE_O.h">
      <Filter>Header Files</Filter>
    </ClInclude>
    <ClInclude Include="Dependencies\Includes\ShopsD_I.h">
      <Filter>Header Files</Filter>
    </ClInclude>
    <ClInclude Include="Dependencies\Includes\usShopsD_I.h">
      <Filter>Header Files</Filter>
    </ClInclude>
    <ClInclude Include="Dependencies\Includes\moShopsD_I.h">
      <Filter>Header Files</Filter>
    </ClInclude>
    <ClInclude Include="Dependencies\Includes\kcmoShopsE_I.h">
      <Filter>Header Files</Filter>
    </ClInclude>
    <ClInclude Include="Dependencies\Includes\kcmoShopsD_I.h">
      <Filter>Header Files</Filter>
    </ClInclude>
    <ClInclude Include="Dependencies\Includes\kcmoShopsT_I.h">
      <Filter>Header Files</Filter>
    </ClInclude>
    <ClInclude Include="Dependencies\Includes\kcmoShopsC_I.h">
      <Filter>Header Files</Filter>
    </ClInclude>
    <ClInclude Include="Dependencies\Includes\phairportShopE.h">
      <Filter>Header Files</Filter>
    </ClInclude>
    <ClInclude Include="Dependencies\Includes\affShopE.h">
      <Filter>Header Files</Filter>
    </ClInclude>
    <ClInclude Include="Dependencies\Includes\BaseO.h">
      <Filter>Header Files</Filter>
    </ClInclude>
  </ItemGroup>
</Project>